
Microsoft Visual Studio Solution File, Format Version 12.00
# Visual Studio Version 16
VisualStudioVersion = 16.0.29728.190
MinimumVisualStudioVersion = 10.0.40219.1
Project("{FAE04EC0-301F-11D3-BF4B-00C04F79EFBC}") = "TaskbarIconHost", "TaskbarIconHost\TaskbarIconHost.csproj", "{B4EDCD57-B676-45A3-A6E3-B855027EC56B}"
	ProjectSection(ProjectDependencies) = postProject
		{DAB7B295-158F-46EB-AED3-756A80B9CAB8} = {DAB7B295-158F-46EB-AED3-756A80B9CAB8}
	EndProjectSection
EndProject
Project("{FAE04EC0-301F-11D3-BF4B-00C04F79EFBC}") = "Test-Plugin", "Test-Plugin\Test-Plugin.csproj", "{DAB7B295-158F-46EB-AED3-756A80B9CAB8}"
EndProject
Project("{FAE04EC0-301F-11D3-BF4B-00C04F79EFBC}") = "TaskbarIconShared", "TaskbarIconShared\TaskbarIconShared.csproj", "{EA29A87F-BD3E-46D0-869A-A5C5076EAF9E}"
EndProject
Project("{FAE04EC0-301F-11D3-BF4B-00C04F79EFBC}") = "Test-TaskbarIconHost", "Test-TaskbarIconHost\Test-TaskbarIconHost.csproj", "{4A9AC2D3-26EC-4530-B99D-18C077AE147E}"
	ProjectSection(ProjectDependencies) = postProject
		{B4EDCD57-B676-45A3-A6E3-B855027EC56B} = {B4EDCD57-B676-45A3-A6E3-B855027EC56B}
		{EA29A87F-BD3E-46D0-869A-A5C5076EAF9E} = {EA29A87F-BD3E-46D0-869A-A5C5076EAF9E}
		{DAB7B295-158F-46EB-AED3-756A80B9CAB8} = {DAB7B295-158F-46EB-AED3-756A80B9CAB8}
	EndProjectSection
EndProject
Project("{FAE04EC0-301F-11D3-BF4B-00C04F79EFBC}") = "SinglePluginHost", "SinglePluginHost\SinglePluginHost.csproj", "{8DFF37AC-07B1-4F34-9A10-AE39C00E6CEE}"
EndProject
Project("{FAE04EC0-301F-11D3-BF4B-00C04F79EFBC}") = "Test-SinglePluginHost", "Test-SinglePluginHost\Test-SinglePluginHost.csproj", "{94E3E007-11B1-4E61-B7F8-F1893B41E254}"
EndProject
Project("{2150E333-8FDC-42A3-9474-1A3956D46DE8}") = "Solution Items", "Solution Items", "{6006B37A-F1AA-4983-AD6F-89E39879B4AD}"
	ProjectSection(SolutionItems) = preProject
		.editorconfig = .editorconfig
	EndProjectSection
EndProject
Global
	GlobalSection(SolutionConfigurationPlatforms) = preSolution
		Debug|x64 = Debug|x64
		Release|x64 = Release|x64
	EndGlobalSection
	GlobalSection(ProjectConfigurationPlatforms) = postSolution
		{B4EDCD57-B676-45A3-A6E3-B855027EC56B}.Debug|x64.ActiveCfg = Debug|x64
		{B4EDCD57-B676-45A3-A6E3-B855027EC56B}.Debug|x64.Build.0 = Debug|x64
		{B4EDCD57-B676-45A3-A6E3-B855027EC56B}.Release|x64.ActiveCfg = Release|x64
		{B4EDCD57-B676-45A3-A6E3-B855027EC56B}.Release|x64.Build.0 = Release|x64
		{DAB7B295-158F-46EB-AED3-756A80B9CAB8}.Debug|x64.ActiveCfg = Debug|x64
		{DAB7B295-158F-46EB-AED3-756A80B9CAB8}.Debug|x64.Build.0 = Debug|x64
		{DAB7B295-158F-46EB-AED3-756A80B9CAB8}.Release|x64.ActiveCfg = Release|x64
		{DAB7B295-158F-46EB-AED3-756A80B9CAB8}.Release|x64.Build.0 = Release|x64
		{EA29A87F-BD3E-46D0-869A-A5C5076EAF9E}.Debug|x64.ActiveCfg = Debug|x64
		{EA29A87F-BD3E-46D0-869A-A5C5076EAF9E}.Debug|x64.Build.0 = Debug|x64
		{EA29A87F-BD3E-46D0-869A-A5C5076EAF9E}.Release|x64.ActiveCfg = Release|x64
		{EA29A87F-BD3E-46D0-869A-A5C5076EAF9E}.Release|x64.Build.0 = Release|x64
		{4A9AC2D3-26EC-4530-B99D-18C077AE147E}.Debug|x64.ActiveCfg = Debug|x64
		{4A9AC2D3-26EC-4530-B99D-18C077AE147E}.Debug|x64.Build.0 = Debug|x64
		{4A9AC2D3-26EC-4530-B99D-18C077AE147E}.Release|x64.ActiveCfg = Release|x64
		{4A9AC2D3-26EC-4530-B99D-18C077AE147E}.Release|x64.Build.0 = Release|x64
		{8DFF37AC-07B1-4F34-9A10-AE39C00E6CEE}.Debug|x64.ActiveCfg = Debug|x64
		{8DFF37AC-07B1-4F34-9A10-AE39C00E6CEE}.Debug|x64.Build.0 = Debug|x64
		{8DFF37AC-07B1-4F34-9A10-AE39C00E6CEE}.Release|x64.ActiveCfg = Release|x64
		{8DFF37AC-07B1-4F34-9A10-AE39C00E6CEE}.Release|x64.Build.0 = Release|x64
		{94E3E007-11B1-4E61-B7F8-F1893B41E254}.Debug|x64.ActiveCfg = Debug|x64
		{94E3E007-11B1-4E61-B7F8-F1893B41E254}.Debug|x64.Build.0 = Debug|x64
		{94E3E007-11B1-4E61-B7F8-F1893B41E254}.Release|x64.ActiveCfg = Release|x64
		{94E3E007-11B1-4E61-B7F8-F1893B41E254}.Release|x64.Build.0 = Release|x64
	EndGlobalSection
	GlobalSection(SolutionProperties) = preSolution
		HideSolutionNode = FALSE
	EndGlobalSection
	GlobalSection(ExtensibilityGlobals) = postSolution
		SolutionGuid = {B6F8E6EE-A9A0-4996-AB47-374C41EB64CE}
	EndGlobalSection
EndGlobal
